
Microsoft Visual Studio Solution File, Format Version 12.00
# Visual Studio Version 16
VisualStudioVersion = 16.0.29411.108
MinimumVisualStudioVersion = 10.0.40219.1
Project("{FAE04EC0-301F-11D3-BF4B-00C04F79EFBC}") = "PdnMvc", "PdnMvc\PdnMvc.csproj", "{35DCC8D1-A6A0-4C27-B167-C2D4587C6E93}"
EndProject
Global
	GlobalSection(SolutionConfigurationPlatforms) = preSolution
		Debug|Any CPU = Debug|Any CPU
		Release|Any CPU = Release|Any CPU
	EndGlobalSection
	GlobalSection(ProjectConfigurationPlatforms) = postSolution
		{35DCC8D1-A6A0-4C27-B167-C2D4587C6E93}.Debug|Any CPU.ActiveCfg = Debug|Any CPU
		{35DCC8D1-A6A0-4C27-B167-C2D4587C6E93}.Debug|Any CPU.Build.0 = Debug|Any CPU
		{35DCC8D1-A6A0-4C27-B167-C2D4587C6E93}.Release|Any CPU.ActiveCfg = Release|Any CPU
		{35DCC8D1-A6A0-4C27-B167-C2D4587C6E93}.Release|Any CPU.Build.0 = Release|Any CPU
	EndGlobalSection
	GlobalSection(SolutionProperties) = preSolution
		HideSolutionNode = FALSE
	EndGlobalSection
	GlobalSection(ExtensibilityGlobals) = postSolution
		SolutionGuid = {5374B6F6-C58E-4E53-98EC-E775E66EAF3F}
	EndGlobalSection
EndGlobal
